# This file is automatically @generated by Cargo.
# It is not intended for manual editing.
version = 4

[[package]]
name = "bitflags"
version = "2.11.1"
source = "registry+https://github.com/rust-lang/crates.io-index"
checksum = "c4512299f36f043ab09a583e57bceb5a5aab7a73db1805848e8fef3c9e8c78b3"

[[package]]
name = "cherubsh"
version = "0.1.0"
dependencies = [
 "cherubsh-builtins",
 "cherubsh-common",
 "cherubsh-exec",
 "cherubsh-expander",
 "cherubsh-lexer",
 "cherubsh-lineedit",
 "cherubsh-parser",
 "cherubsh-test-harness",
 "libc",
]

[[package]]
name = "cherubsh-builtins"
version = "0.1.0"
dependencies = [
 "bitflags",
 "cherubsh-common",
 "cherubsh-expander",
 "cherubsh-lexer",
 "cherubsh-parser",
 "libc",
]

[[package]]
name = "cherubsh-common"
version = "0.1.0"
dependencies = [
 "bitflags",
 "libc",
]

[[package]]
name = "cherubsh-exec"
version = "0.1.0"
dependencies = [
 "cherubsh-builtins",
 "cherubsh-common",
 "cherubsh-expander",
 "cherubsh-lexer",
 "cherubsh-parser",
 "libc",
]

[[package]]
name = "cherubsh-expander"
version = "0.1.0"
dependencies = [
 "bitflags",
 "cherubsh-common",
 "cherubsh-lexer",
 "cherubsh-parser",
 "libc",
]

[[package]]
name = "cherubsh-lexer"
version = "0.1.0"
dependencies = [
 "cherubsh-common",
]

[[package]]
name = "cherubsh-lineedit"
version = "0.1.0"
dependencies = [
 "cherubsh-common",
 "libc",
]

[[package]]
name = "cherubsh-parser"
version = "0.1.0"
dependencies = [
 "cherubsh-common",
 "cherubsh-lexer",
]

[[package]]
name = "cherubsh-test-harness"
version = "0.1.0"
dependencies = [
 "cherubsh-common",
 "libc",
]

[[package]]
name = "libc"
version = "0.2.186"
source = "registry+https://github.com/rust-lang/crates.io-index"
checksum = "68ab91017fe16c622486840e4c83c9a37afeff978bd239b5293d61ece587de66"
