# name	repository	commit	policy
ble-sh	https://github.com/akinomyoga/ble.sh.git	d69e4d549a1881a37300fe6b4a05478bd9157dfc	required
bash-it	https://github.com/Bash-it/bash-it.git	9b57bfdd6bac5604e4d21eeb273520949a7345ab	required
oh-my-bash	https://github.com/ohmybash/oh-my-bash.git	7d26139293dea898a98cf4adacc19af4b0955145	required
bash-completion	https://github.com/scop/bash-completion.git	a6b31caecfee5b612b73dd59daf56f940223ca4c	required
bash-preexec	https://github.com/rcaloras/bash-preexec.git	66e913cd9dec25b1399262c8301fb6d637c68e7e	required
bash-git-prompt	https://github.com/magicmonty/bash-git-prompt.git	0bca4060a7b43d315e56113c7fb636e03cc29573	required
liquidprompt	https://github.com/liquidprompt/liquidprompt.git	af970530176f5996c073cf0adf2721b7b0e6921a	required
basher	https://github.com/basherpm/basher.git	7c3d238ce263856edbb99fee000613c01ba5712d	required
bpkg	https://github.com/bpkg/bpkg.git	c7f5a467ec53e61d2344f5d1ab5766949c3bffdf	required
bashdb	https://github.com/Trepan-Debuggers/bashdb.git	f139cc23183798cb0874358a3d624850b418266c	required
bashhub-client	https://github.com/rcaloras/bashhub-client.git	c3259dcc0f6b4bb9f347e4ee980023864fa2bfc9	required
bashmarks	https://github.com/huyng/bashmarks.git	efe9f1918ea9c46377398a5b500431bc712a72dd	required
z	https://github.com/rupa/z.git	d37a763a6a30e1b32766fecc3b8ffd6127f8a0fd	required
fasd	https://github.com/clvv/fasd.git	90b531a5daaa545c74c7d98974b54cbdb92659fc	required
bd	https://github.com/vigneshwaranr/bd.git	4277ad8483357ccfa95264f4084fff9cf7887097	required
kube-ps1	https://github.com/jonmosco/kube-ps1.git	52bd1ecf61a9640e743281efe3a66330e64b3574	required
shellfirm	https://github.com/kaplanelad/shellfirm.git	7ebf869770c197bf5591bdcf4003f6373af6c211	required
bash-sensible	https://github.com/mrzool/bash-sensible.git	eb82f9e87728ea10423a2a2b039a4b491d10c733	required
bashtop	https://github.com/aristocratos/bashtop.git	60f95a1a74c8e7e589c02aa03d60141152df8337	required
neofetch	https://github.com/dylanaraps/neofetch.git	ccd5d9f52609bbdcd5d8fa78c4fdb0f12954125f	required
pfetch	https://github.com/dylanaraps/pfetch.git	a906ff89680c78cec9785f3ff49ca8b272a0f96b	required
screenfetch	https://github.com/KittyKatt/screenFetch.git	7e2244d5049812a7915883f19327bf9582e950d7	required
fff	https://github.com/dylanaraps/fff.git	6f2dc6f3a003d24e8b3fd48b046241b486022ad5	required
nb	https://github.com/xwmx/nb.git	8b7fe6fdd00bd2379e0442221b81411d3f536abd	required
todo-txt-cli	https://github.com/todotxt/todo.txt-cli.git	4b7189505ef62935c569944c5dec19b47af5a703	required
bashblog	https://github.com/cfenollosa/bashblog.git	1e739d1939f4168b4edf35af90e85fe7b1dc2c0f	required
bash-snippets	https://github.com/alexanderepstein/Bash-Snippets.git	581a6b4ea681005e3f8add37dbed74aaec65479f	required
ytfzf	https://github.com/pystardust/ytfzf.git	8637bc3929a34be1e21afcf89ddd9d84fc421645	required
ani-cli	https://github.com/pystardust/ani-cli.git	82574d2480ec83ff014c8924349f7e944ce7c992	required
shpotify	https://github.com/hnarayanan/shpotify.git	f764f5413da1268cf56e6543e61cc8641f017b58	required
bashmount	https://github.com/jamielinux/bashmount.git	9a15ab77368a04cbfbdec8503d1f079923b7834f	required
git-extras	https://github.com/tj/git-extras.git	fd2e03cf55fb1fe12a80558aea117200db232e5f	required
git-flow	https://github.com/nvie/gitflow.git	d2eee63886e23c27a0c0418603c8264276a86340	required
git-flow-avh	https://github.com/petervanderdoes/gitflow-avh.git	40fc2df960d034cb57dd277af7501be6884f767e	required
git-open	https://github.com/paulirish/git-open.git	63c0e77aaf18b72c839b1113c1e2f9514413643b	required
git-quick-stats	https://github.com/git-quick-stats/git-quick-stats.git	0f9481a507120ca2ef58c0559f78a007db2291a2	required
git-secret	https://github.com/sobolevn/git-secret.git	e9b840bd97a0f07130477866b6b38b3df59641d9	required
blackbox	https://github.com/StackExchange/blackbox.git	41e42341080742f6a1a1e0a91495f9849e669070	required
pass-tomb	https://github.com/roddhjav/pass-tomb.git	e9b485f02a504a5ec1d78988699d0699c29c01c8	required
git-recall	https://github.com/Fakerr/git-recall.git	a6de1b235c78475046aa038711884451260f9c20	required
git-radar	https://github.com/michaeldfallen/git-radar.git	2ac25e3d1047cdf19f15bc894ff39449b83d65d4	required
git-now	https://github.com/iwata/git-now.git	74fd782889b04ed089667ef793074d6993a1b802	required
nvm	https://github.com/nvm-sh/nvm.git	65ded65d46c16481dbbe8e93f8ba9e6b35f20740	required
n	https://github.com/tj/n.git	f52d2172f12cd76f0efe9524690723f52ab74f40	required
rbenv	https://github.com/rbenv/rbenv.git	07e9b1e297a5977298c6aadc9971ae0e9eb7f0dc	required
ruby-build	https://github.com/rbenv/ruby-build.git	13b73fe96fe2bd3473f31327c8f31fa68f252db1	required
chruby	https://github.com/postmodern/chruby.git	a543a35790e5528b5a67de20e78a7390f5f7606e	required
ruby-install	https://github.com/postmodern/ruby-install.git	bf2d93b2d427727a08b55186fec94d81eea7ec08	required
rvm	https://github.com/rvm/rvm.git	75462eae90440459c6468897ac7c267eba9d9b68	required
pyenv	https://github.com/pyenv/pyenv.git	17be3086007e8f1e1e65ec09aa23d409a7b8886c	required
nodenv	https://github.com/nodenv/nodenv.git	0e551cc2a4527cc6dab95048ac4b8fe3bee081d4	required
node-build	https://github.com/nodenv/node-build.git	1330263f5be434685eb14fd2ee563ed1970a8f3a	required
jenv	https://github.com/jenv/jenv.git	a771525269be4637e5b29d6adbba28be93953c02	required
tfenv	https://github.com/tfutils/tfenv.git	de6ce2e809c155cbc5e2cfeb3b1bef151244e045	required
goenv	https://github.com/go-nv/goenv.git	0ec935150a019741cb18bbbaad11be42abf6896d	required
phpenv	https://github.com/phpenv/phpenv.git	7f5b90805fd1ae6dca8752d72656847a0dd90246	required
gvm	https://github.com/moovweb/gvm.git	dd652539fa4b771840846f8319fad303c7d0a8d2	required
kiex	https://github.com/taylor/kiex.git	41ca30ba46e796ef70b4cc65db24a1db12380b2d	required
sdkman-cli	https://github.com/sdkman/sdkman-cli.git	f02e5de113ea46a95e5e2fd795eabe6f2b7d4095	required
kerl	https://github.com/kerl/kerl.git	e2e0ac5dc3dd8f49ce65e3db87f06986127b478a	required
plenv	https://github.com/tokuhirom/plenv.git	3f29d0bc29d4d864bb6008808eb2014f83f31430	required
luaenv	https://github.com/cehoffman/luaenv.git	937ff25868321fcbed96594cf82266cd3aab8e84	required
lua-build	https://github.com/cehoffman/lua-build.git	c186572d8af96a10086e02088e41852cf5705b9f	required
exenv	https://github.com/mururu/exenv.git	11292a1b50fcc726640ffc4917e2c2237a80ce13	required
elixir-build	https://github.com/mururu/elixir-build.git	fc765461fa945bbf939c832c7c5449a020be8ab4	required
bats-core	https://github.com/bats-core/bats-core.git	ae4b94d7cc35f62468297791aa4ab8c3af7377ba	required
shunit2	https://github.com/kward/shunit2.git	f39734a3dd56495c2fee1d4b0925bb31082e36d2	required
shellspec	https://github.com/shellspec/shellspec.git	f2d13f991885ef44e6b54e571e0842222251b111	required
rear	https://github.com/rear/rear.git	a2679d258d279465427ea38cbb9e20c64211bb43	optional-safety
acme-sh	https://github.com/acmesh-official/acme.sh.git	2feb392bd0e3964d9bf68871ae804578d9d5ca80	required
dehydrated	https://github.com/dehydrated-io/dehydrated.git	48866b0e85b474e3971d6425a14212608c355c1c	required
testssl-sh	https://github.com/testssl/testssl.sh.git	5296954a701dd00240bec32feadffaa7eacb2bba	required
lynis	https://github.com/CISOfy/lynis.git	f1926dd4aed7e3885a99ffd05f4cd72d276a6607	required
docker-bench-security	https://github.com/docker/docker-bench-security.git	154869da6418089decf7e1ab0cfca0e1cdfc5c49	required
pi-hole	https://github.com/pi-hole/pi-hole.git	f47b8ede5a8e38f9c703202d324a074dbdba4ca9	required
dokku	https://github.com/dokku/dokku.git	95f9d4f9b7e2354156b8da3e0a3894e38972b47a	required
openvpn-install	https://github.com/angristan/openvpn-install.git	ad22fd9eb0c8569a885f836ef6e37576d8702e9f	required
wireguard-install	https://github.com/angristan/wireguard-install.git	832fb9833501a7220e2900cffb61082841dedba8	required
setup-ipsec-vpn	https://github.com/hwdsl2/setup-ipsec-vpn.git	0f26e4f404ae9b34340af89a3bcaafa1634029a7	required
docker-install	https://github.com/docker/docker-install.git	5ce20f2eef3615d08fea941eda5a109e949e8ebf	required
dracut	https://github.com/dracutdevs/dracut.git	5d2bda46f4e75e85445ee4d3bd3f68bf966287b9	required
bash-my-aws	https://github.com/mbailey/bash-my-aws.git	172430a98b27595a44b3be0ba813e77a306a302d	required
kubetail	https://github.com/johanhaleby/kubetail.git	fa816016039cb374b2719f68b3140a31cb8df42a	required
kubectx	https://github.com/ahmetb/kubectx.git	12ad6fb22e8c546ee2b54e7de38aa51c906832f7	required
rsync-time-backup	https://github.com/laurent22/rsync-time-backup.git	9b3ea2d41036bcebb8da4564cab35b5019a552cd	required
system-tar-and-restore	https://github.com/tritonas00/system-tar-and-restore.git	4271f605bed33195e4616eb946d6b4dfe53d674f	required
pivpn	https://github.com/pivpn/pivpn.git	aa96de7d27bfe4b9b00b8abe8fda80bb8e2bb81b	required
dockstarter	https://github.com/GhostWriters/DockSTARTer.git	5500413fc76b49a9816085f6b8107934d323b2bb	required
