# name	category	mode	entrypoint	arguments ([] means no arguments)
ble-sh	interactive	source	lib/core-cmdspec.sh	[]
bash-it	interactive	source	bash_it.sh	[]
oh-my-bash	interactive	source	oh-my-bash.sh	[]
bash-completion	interactive	source	bash_completion	[]
bash-preexec	interactive	source	bash-preexec.sh	[]
bash-git-prompt	interactive	source	gitprompt.sh	[]
liquidprompt	interactive	source	liquidprompt	[]
basher	interactive	command	libexec/basher	--help
bpkg	interactive	command	bpkg.sh	--help
bashdb	interactive	source	bashdb-main.inc.in	[]
bashhub-client	interactive	command	install-bashhub.sh	--help
bashmarks	interactive	source	bashmarks.sh	[]
z	interactive	source	z.sh	[]
fasd	interactive	command	fasd	--help
bd	interactive	command	bd	-v
kube-ps1	interactive	source	kube-ps1.sh	[]
shellfirm	interactive	command	scripts/bump-npm-version.sh	--help
bash-sensible	interactive	source	sensible.bash	[]
bashtop	utility	interactive	bashtop	[]
neofetch	utility	command	neofetch	--help
pfetch	utility	command	pfetch	--help
screenfetch	utility	command	screenfetch-dev	-h
fff	utility	command	fff	-h
nb	utility	command	nb	--version
todo-txt-cli	utility	command	todo.sh	-h
bashblog	utility	command	bb.sh	--help
bash-snippets	utility	command	bash-snippets/bash-snippets	-v
ytfzf	utility	command	ytfzf	-h
ani-cli	utility	command	ani-cli	-h
shpotify	utility	command	spotify	help
bashmount	utility	command	bashmount	--help
git-extras	git	command	bin/git-extras	--help
git-flow	git	source	git-flow-version	[]
git-flow-avh	git	command	git-flow	version
git-open	git	command	git-open	--help
git-quick-stats	git	command	git-quick-stats	--help
git-secret	git	command	src/main.sh	--help
blackbox	git	command	bin/blackbox_initialize	--help
pass-tomb	git	command	tomb.bash	--help
git-recall	git	command	git-recall	--help
git-radar	git	command	git-radar	--help
git-now	git	source	gitnow-common	[]
nvm	version	source	nvm.sh	[]
n	version	command	bin/n	--help
rbenv	version	command	libexec/rbenv	--help
ruby-build	version	command	bin/ruby-build	--help
chruby	version	command	bin/chruby-exec	--help
ruby-install	version	command	bin/ruby-install	--help
rvm	version	source	scripts/functions/version	[]
pyenv	version	command	libexec/pyenv	--help
nodenv	version	command	libexec/nodenv	--help
node-build	version	command	bin/node-build	--help
jenv	version	command	libexec/jenv	--help
tfenv	version	command	bin/tfenv	--help
goenv	version	command	libexec/goenv	--help
phpenv	version	command	libexec/phpenv	--help
gvm	version	command	bin/gvm	help
kiex	version	command	kiex	help
sdkman-cli	version	source	src/main/bash/sdkman-version.sh	[]
kerl	version	command	kerl	--help
plenv	version	command	libexec/plenv	--help
luaenv	version	command	libexec/luaenv	--help
lua-build	version	command	bin/lua-build	--help
exenv	version	command	libexec/exenv	--help
elixir-build	version	command	bin/elixir-build	--help
bats-core	test	command	bin/bats	--help
shunit2	test	source	shunit2	[]
shellspec	test	command	shellspec	--help
rear	system	command	usr/sbin/rear	--help
acme-sh	system	command	acme.sh	--help
dehydrated	system	command	dehydrated	--help
testssl-sh	system	command	testssl.sh	--help
lynis	system	command	lynis	show help
docker-bench-security	system	command	docker-bench-security.sh	-h
pi-hole	system	command	pihole	--help
dokku	system	command	dokku	--help
openvpn-install	system	command	openvpn-install.sh	--help
wireguard-install	system	command	wireguard-install.sh	--help
setup-ipsec-vpn	system	command	vpnsetup.sh	--help
docker-install	system	command	scripts/get-version.sh	invalid
dracut	system	command	dracut.sh	--help
bash-my-aws	system	source	lib/shared-functions	[]
kubetail	system	command	kubetail	--help
kubectx	system	command	kubectx	--help
rsync-time-backup	system	command	rsync_tmbackup.sh	--help
system-tar-and-restore	system	command	star.sh	--help
pivpn	system	command	scripts/pivpn	--help
dockstarter	system	command	main.sh	--help
